
Microsoft Visual Studio Solution File, Format Version 12.00
# Visual Studio Version 17
VisualStudioVersion = 17.14.36212.18
MinimumVisualStudioVersion = 10.0.40219.1
Project("{2150E333-8FDC-42A3-9474-1A3956D46DE8}") = "04", "04", "{9D1CA389-0537-482A-8A8E-DB94267C3675}"
EndProject
Project("{FAE04EC0-301F-11D3-BF4B-00C04F79EFBC}") = "Ejercicio04.Entidades", "Ejercicio04.Entidades\Ejercicio04.Entidades.csproj", "{205C8F32-BF09-46B0-9399-836EB61B8A9D}"
EndProject
Project("{FAE04EC0-301F-11D3-BF4B-00C04F79EFBC}") = "Ejercicio04.Datos", "Ejercicio04.Datos\Ejercicio04.Datos.csproj", "{2DD43752-BB15-4686-98A9-EACA876B609E}"
EndProject
Project("{FAE04EC0-301F-11D3-BF4B-00C04F79EFBC}") = "Ejercicio04.Servicios", "Ejercicio04.Servicios\Ejercicio04.Servicios.csproj", "{C3141701-2CBB-410E-B28F-DBF87F8C3967}"
EndProject
Project("{FAE04EC0-301F-11D3-BF4B-00C04F79EFBC}") = "Ejercicio04.Consola", "Ejercicio04.Consola\Ejercicio04.Consola.csproj", "{CB14A5B0-9877-4D7A-B9A7-DBE884C2C5EC}"
EndProject
Project("{FAE04EC0-301F-11D3-BF4B-00C04F79EFBC}") = "Ejercicio04.Ioc", "Ejercicio04.Ioc\Ejercicio04.Ioc.csproj", "{E29DA544-FC64-44A6-9DE0-5EEDF02D37AB}"
EndProject
Project("{2150E333-8FDC-42A3-9474-1A3956D46DE8}") = "04W", "04W", "{A1B34245-CB6D-4211-84F1-3064939A902C}"
EndProject
Project("{FAE04EC0-301F-11D3-BF4B-00C04F79EFBC}") = "Ejercicio04W.Windows", "Ejercicio04.Windows\Ejercicio04W.Windows.csproj", "{DE8D0F90-A40B-4856-9623-3976B34DAA72}"
EndProject
Project("{FAE04EC0-301F-11D3-BF4B-00C04F79EFBC}") = "Ejercicio04W.Entidades", "Ejercicio04W.Entidades\Ejercicio04W.Entidades.csproj", "{21916B3A-6700-44F5-B116-613FCD89D937}"
EndProject
Project("{FAE04EC0-301F-11D3-BF4B-00C04F79EFBC}") = "Ejercicio04W.Datos", "Ejercicio04W.Datos\Ejercicio04W.Datos.csproj", "{AB1A99BB-76A8-4392-817E-C9A215604712}"
EndProject
Project("{FAE04EC0-301F-11D3-BF4B-00C04F79EFBC}") = "Ejercicio04W.Servicios", "Ejercicio04W.Servicios\Ejercicio04W.Servicios.csproj", "{6A17D80F-2877-4D1B-BDA4-EA7C8BD84BE9}"
EndProject
Project("{FAE04EC0-301F-11D3-BF4B-00C04F79EFBC}") = "Ejercicio04W.Ioc", "Ejercicio04W.Ioc\Ejercicio04W.Ioc.csproj", "{4E09E630-E316-4372-B3B5-97DC0101BC86}"
EndProject
Global
	GlobalSection(SolutionConfigurationPlatforms) = preSolution
		Debug|Any CPU = Debug|Any CPU
		Release|Any CPU = Release|Any CPU
	EndGlobalSection
	GlobalSection(ProjectConfigurationPlatforms) = postSolution
		{205C8F32-BF09-46B0-9399-836EB61B8A9D}.Debug|Any CPU.ActiveCfg = Debug|Any CPU
		{205C8F32-BF09-46B0-9399-836EB61B8A9D}.Debug|Any CPU.Build.0 = Debug|Any CPU
		{205C8F32-BF09-46B0-9399-836EB61B8A9D}.Release|Any CPU.ActiveCfg = Release|Any CPU
		{205C8F32-BF09-46B0-9399-836EB61B8A9D}.Release|Any CPU.Build.0 = Release|Any CPU
		{2DD43752-BB15-4686-98A9-EACA876B609E}.Debug|Any CPU.ActiveCfg = Debug|Any CPU
		{2DD43752-BB15-4686-98A9-EACA876B609E}.Debug|Any CPU.Build.0 = Debug|Any CPU
		{2DD43752-BB15-4686-98A9-EACA876B609E}.Release|Any CPU.ActiveCfg = Release|Any CPU
		{2DD43752-BB15-4686-98A9-EACA876B609E}.Release|Any CPU.Build.0 = Release|Any CPU
		{C3141701-2CBB-410E-B28F-DBF87F8C3967}.Debug|Any CPU.ActiveCfg = Debug|Any CPU
		{C3141701-2CBB-410E-B28F-DBF87F8C3967}.Debug|Any CPU.Build.0 = Debug|Any CPU
		{C3141701-2CBB-410E-B28F-DBF87F8C3967}.Release|Any CPU.ActiveCfg = Release|Any CPU
		{C3141701-2CBB-410E-B28F-DBF87F8C3967}.Release|Any CPU.Build.0 = Release|Any CPU
		{CB14A5B0-9877-4D7A-B9A7-DBE884C2C5EC}.Debug|Any CPU.ActiveCfg = Debug|Any CPU
		{CB14A5B0-9877-4D7A-B9A7-DBE884C2C5EC}.Debug|Any CPU.Build.0 = Debug|Any CPU
		{CB14A5B0-9877-4D7A-B9A7-DBE884C2C5EC}.Release|Any CPU.ActiveCfg = Release|Any CPU
		{CB14A5B0-9877-4D7A-B9A7-DBE884C2C5EC}.Release|Any CPU.Build.0 = Release|Any CPU
		{E29DA544-FC64-44A6-9DE0-5EEDF02D37AB}.Debug|Any CPU.ActiveCfg = Debug|Any CPU
		{E29DA544-FC64-44A6-9DE0-5EEDF02D37AB}.Debug|Any CPU.Build.0 = Debug|Any CPU
		{E29DA544-FC64-44A6-9DE0-5EEDF02D37AB}.Release|Any CPU.ActiveCfg = Release|Any CPU
		{E29DA544-FC64-44A6-9DE0-5EEDF02D37AB}.Release|Any CPU.Build.0 = Release|Any CPU
		{DE8D0F90-A40B-4856-9623-3976B34DAA72}.Debug|Any CPU.ActiveCfg = Debug|Any CPU
		{DE8D0F90-A40B-4856-9623-3976B34DAA72}.Debug|Any CPU.Build.0 = Debug|Any CPU
		{DE8D0F90-A40B-4856-9623-3976B34DAA72}.Release|Any CPU.ActiveCfg = Release|Any CPU
		{DE8D0F90-A40B-4856-9623-3976B34DAA72}.Release|Any CPU.Build.0 = Release|Any CPU
		{21916B3A-6700-44F5-B116-613FCD89D937}.Debug|Any CPU.ActiveCfg = Debug|Any CPU
		{21916B3A-6700-44F5-B116-613FCD89D937}.Debug|Any CPU.Build.0 = Debug|Any CPU
		{21916B3A-6700-44F5-B116-613FCD89D937}.Release|Any CPU.ActiveCfg = Release|Any CPU
		{21916B3A-6700-44F5-B116-613FCD89D937}.Release|Any CPU.Build.0 = Release|Any CPU
		{AB1A99BB-76A8-4392-817E-C9A215604712}.Debug|Any CPU.ActiveCfg = Debug|Any CPU
		{AB1A99BB-76A8-4392-817E-C9A215604712}.Debug|Any CPU.Build.0 = Debug|Any CPU
		{AB1A99BB-76A8-4392-817E-C9A215604712}.Release|Any CPU.ActiveCfg = Release|Any CPU
		{AB1A99BB-76A8-4392-817E-C9A215604712}.Release|Any CPU.Build.0 = Release|Any CPU
		{6A17D80F-2877-4D1B-BDA4-EA7C8BD84BE9}.Debug|Any CPU.ActiveCfg = Debug|Any CPU
		{6A17D80F-2877-4D1B-BDA4-EA7C8BD84BE9}.Debug|Any CPU.Build.0 = Debug|Any CPU
		{6A17D80F-2877-4D1B-BDA4-EA7C8BD84BE9}.Release|Any CPU.ActiveCfg = Release|Any CPU
		{6A17D80F-2877-4D1B-BDA4-EA7C8BD84BE9}.Release|Any CPU.Build.0 = Release|Any CPU
		{4E09E630-E316-4372-B3B5-97DC0101BC86}.Debug|Any CPU.ActiveCfg = Debug|Any CPU
		{4E09E630-E316-4372-B3B5-97DC0101BC86}.Debug|Any CPU.Build.0 = Debug|Any CPU
		{4E09E630-E316-4372-B3B5-97DC0101BC86}.Release|Any CPU.ActiveCfg = Release|Any CPU
		{4E09E630-E316-4372-B3B5-97DC0101BC86}.Release|Any CPU.Build.0 = Release|Any CPU
	EndGlobalSection
	GlobalSection(SolutionProperties) = preSolution
		HideSolutionNode = FALSE
	EndGlobalSection
	GlobalSection(NestedProjects) = preSolution
		{205C8F32-BF09-46B0-9399-836EB61B8A9D} = {9D1CA389-0537-482A-8A8E-DB94267C3675}
		{2DD43752-BB15-4686-98A9-EACA876B609E} = {9D1CA389-0537-482A-8A8E-DB94267C3675}
		{C3141701-2CBB-410E-B28F-DBF87F8C3967} = {9D1CA389-0537-482A-8A8E-DB94267C3675}
		{CB14A5B0-9877-4D7A-B9A7-DBE884C2C5EC} = {9D1CA389-0537-482A-8A8E-DB94267C3675}
		{E29DA544-FC64-44A6-9DE0-5EEDF02D37AB} = {9D1CA389-0537-482A-8A8E-DB94267C3675}
		{DE8D0F90-A40B-4856-9623-3976B34DAA72} = {A1B34245-CB6D-4211-84F1-3064939A902C}
		{21916B3A-6700-44F5-B116-613FCD89D937} = {A1B34245-CB6D-4211-84F1-3064939A902C}
		{AB1A99BB-76A8-4392-817E-C9A215604712} = {A1B34245-CB6D-4211-84F1-3064939A902C}
		{6A17D80F-2877-4D1B-BDA4-EA7C8BD84BE9} = {A1B34245-CB6D-4211-84F1-3064939A902C}
		{4E09E630-E316-4372-B3B5-97DC0101BC86} = {A1B34245-CB6D-4211-84F1-3064939A902C}
	EndGlobalSection
	GlobalSection(ExtensibilityGlobals) = postSolution
		SolutionGuid = {FA0FCDC9-28BA-44D9-BD1F-E898E51C0D8E}
	EndGlobalSection
EndGlobal
